
Microsoft Visual Studio Solution File, Format Version 12.00
Project("{FAE04EC0-301F-11D3-BF4B-00C04F79EFBC}") = "DotaNotes.WPF", "DotaNotes.WPF\DotaNotes.WPF.csproj", "{CBC8E08D-B4E2-4B19-AD11-A04D9D7DD0DA}"
EndProject
Global
	GlobalSection(SolutionConfigurationPlatforms) = preSolution
		Debug|Any CPU = Debug|Any CPU
		Release|Any CPU = Release|Any CPU
	EndGlobalSection
	GlobalSection(ProjectConfigurationPlatforms) = postSolution
		{CBC8E08D-B4E2-4B19-AD11-A04D9D7DD0DA}.Debug|Any CPU.ActiveCfg = Debug|Any CPU
		{CBC8E08D-B4E2-4B19-AD11-A04D9D7DD0DA}.Debug|Any CPU.Build.0 = Debug|Any CPU
		{CBC8E08D-B4E2-4B19-AD11-A04D9D7DD0DA}.Release|Any CPU.ActiveCfg = Release|Any CPU
		{CBC8E08D-B4E2-4B19-AD11-A04D9D7DD0DA}.Release|Any CPU.Build.0 = Release|Any CPU
	EndGlobalSection
EndGlobal
